// !$*UTF8*$!
{
	archiveVersion = 1;
	classes = {
	};
	objectVersion = 50;
	objects = {

/* Begin PBXBuildFile section */
		8D0EBEA0241ADFE000D7ECDF /* AppDelegate.swift in Sources */ = {isa = PBXBuildFile; fileRef = 8D0EBE9F241ADFE000D7ECDF /* AppDelegate.swift */; };
		8D0EBEA2241ADFE000D7ECDF /* SceneDelegate.swift in Sources */ = {isa = PBXBuildFile; fileRef = 8D0EBEA1241ADFE000D7ECDF /* SceneDelegate.swift */; };
		8D0EBEA4241ADFE000D7ECDF /* ViewController.swift in Sources */ = {isa = PBXBuildFile; fileRef = 8D0EBEA3241ADFE000D7ECDF /* ViewController.swift */; };
		8D0EBEA7241ADFE000D7ECDF /* Main.storyboard in Resources */ = {isa = PBXBuildFile; fileRef = 8D0EBEA5241ADFE000D7ECDF /* Main.storyboard */; };
		8D0EBEA9241ADFE300D7ECDF /* Assets.xcassets in Resources */ = {isa = PBXBuildFile; fileRef = 8D0EBEA8241ADFE300D7ECDF /* Assets.xcassets */; };
		8D0EBEAC241ADFE300D7ECDF /* LaunchScreen.storyboard in Resources */ = {isa = PBXBuildFile; fileRef = 8D0EBEAA241ADFE300D7ECDF /* LaunchScreen.storyboard */; };
/* End PBXBuildFile section */

/* Begin PBXFileReference section */
		8D0EBE9C241ADFE000D7ECDF /* RandomProject.app */ = {isa = PBXFileReference; explicitFileType = wrapper.application; includeInIndex = 0; path = RandomProject.app; sourceTree = BUILT_PRODUCTS_DIR; };
		8D0EBE9F241ADFE000D7ECDF /* AppDelegate.swift */ = {isa = PBXFileReference; lastKnownFileType = sourcecode.swift; path = AppDelegate.swift; sourceTree = "<group>"; };
		8D0EBEA1241ADFE000D7ECDF /* SceneDelegate.swift */ = {isa = PBXFileReference; lastKnownFileType = sourcecode.swift; path = SceneDelegate.swift; sourceTree = "<group>"; };
		8D0EBEA3241ADFE000D7ECDF /* ViewController.swift */ = {isa = PBXFileReference; lastKnownFileType = sourcecode.swift; path = ViewController.swift; sourceTree = "<group>"; };
		8D0EBEA6241ADFE000D7ECDF /* Base */ = {isa = PBXFileReference; lastKnownFileType = file.storyboard; name = Base; path = Base.lproj/Main.storyboard; sourceTree = "<group>"; };
		8D0EBEA8241ADFE300D7ECDF /* Assets.xcassets */ = {isa = PBXFileReference; lastKnownFileType = folder.assetcatalog; path = Assets.xcassets; sourceTree = "<group>"; };
		8D0EBEAB241ADFE300D7ECDF /* Base */ = {isa = PBXFileReference; lastKnownFileType = file.storyboard; name = Base; path = Base.lproj/LaunchScreen.storyboard; sourceTree = "<group>"; };
		8D0EBEAD241ADFE300D7ECDF /* Info.plist */ = {isa = PBXFileReference; lastKnownFileType = text.plist.xml; path = Info.plist; sourceTree = "<group>"; };
/* End PBXFileReference section */

/* Begin PBXFrameworksBuildPhase section */
		8D0EBE99241ADFE000D7ECDF /* Frameworks */ = {
			isa = PBXFrameworksBuildPhase;
			buildActionMask = 2147483647;
			files = (
			);
			runOnlyForDeploymentPostprocessing = 0;
		};
/* End PBXFrameworksBuildPhase section */

/* Begin PBXGroup section */
		8D0EBE93241ADFE000D7ECDF = {
			isa = PBXGroup;
			children = (
				8D0EBE9E241ADFE000D7ECDF /* RandomProject */,
				8D0EBE9D241ADFE000D7ECDF /* Products */,
			);
			sourceTree = "<group>";
		};
		8D0EBE9D241ADFE000D7ECDF /* Products */ = {
			isa = PBXGroup;
			children = (
				8D0EBE9C241ADFE000D7ECDF /* RandomProject.app */,
			);
			name = Products;
			sourceTree = "<group>";
		};
		8D0EBE9E241ADFE000D7ECDF /* RandomProject */ = {
			isa = PBXGroup;
			children = (
				8D0EBE9F241ADFE000D7ECDF /* AppDelegate.swift */,
				8D0EBEA1241ADFE000D7ECDF /* SceneDelegate.swift */,
				8D0EBEA3241ADFE000D7ECDF /* ViewController.swift */,
				8D0EBEA5241ADFE000D7ECDF /* Main.storyboard */,
				8D0EBEA8241ADFE300D7ECDF /* Assets.xcassets */,
				8D0EBEAA241ADFE300D7ECDF /* LaunchScreen.storyboard */,
				8D0EBEAD241ADFE300D7ECDF /* Info.plist */,
			);
			path = RandomProject;
			sourceTree = "<group>";
		};
/* End PBXGroup section */

/* Begin PBXNativeTarget section */
		8D0EBE9B241ADFE000D7ECDF /* RandomProject */ = {
			isa = PBXNativeTarget;
			buildConfigurationList = 8D0EBEB0241ADFE300D7ECDF /* Build configuration list for PBXNativeTarget "RandomProject" */;
			buildPhases = (
				8D0EBE98241ADFE000D7ECDF /* Sources */,
				8D0EBE99241ADFE000D7ECDF /* Frameworks */,
				8D0EBE9A241ADFE000D7ECDF /* Resources */,
			);
			buildRules = (
			);
			dependencies = (
			);
			name = RandomProject;
			productName = RandomProject;
			productReference = 8D0EBE9C241ADFE000D7ECDF /* RandomProject.app */;
			productType = "com.apple.product-type.application";
		};
/* End PBXNativeTarget section */

/* Begin PBXProject section */
		8D0EBE94241ADFE000D7ECDF /* Project object */ = {
			isa = PBXProject;
			attributes = {
				LastSwiftUpdateCheck = 1120;
				LastUpgradeCheck = 1120;
				ORGANIZATIONNAME = "Luba Kaper";
				TargetAttributes = {
					8D0EBE9B241ADFE000D7ECDF = {
						CreatedOnToolsVersion = 11.2.1;
					};
				};
			};
			buildConfigurationList = 8D0EBE97241ADFE000D7ECDF /* Build configuration list for PBXProject "RandomProject" */;
			compatibilityVersion = "Xcode 9.3";
			developmentRegion = en;
			hasScannedForEncodings = 0;
			knownRegions = (
				en,
				Base,
			);
			mainGroup = 8D0EBE93241ADFE000D7ECDF;
			productRefGroup = 8D0EBE9D241ADFE000D7ECDF /* Products */;
			projectDirPath = "";
			projectRoot = "";
			targets = (
				8D0EBE9B241ADFE000D7ECDF /* RandomProject */,
			);
		};
/* End PBXProject section */

/* Begin PBXResourcesBuildPhase section */
		8D0EBE9A241ADFE000D7ECDF /* Resources */ = {
			isa = PBXResourcesBuildPhase;
			buildActionMask = 2147483647;
			files = (
				8D0EBEAC241ADFE300D7ECDF /* LaunchScreen.storyboard in Resources */,
				8D0EBEA9241ADFE300D7ECDF /* Assets.xcassets in Resources */,
				8D0EBEA7241ADFE000D7ECDF /* Main.storyboard in Resources */,
			);
			runOnlyForDeploymentPostprocessing = 0;
		};
/* End PBXResourcesBuildPhase section */

/* Begin PBXSourcesBuildPhase section */
		8D0EBE98241ADFE000D7ECDF /* Sources */ = {
			isa = PBXSourcesBuildPhase;
			buildActionMask = 2147483647;
			files = (
				8D0EBEA4241ADFE000D7ECDF /* ViewController.swift in Sources */,
				8D0EBEA0241ADFE000D7ECDF /* AppDelegate.swift in Sources */,
				8D0EBEA2241ADFE000D7ECDF /* SceneDelegate.swift in Sources */,
			);
			runOnlyForDeploymentPostprocessing = 0;
		};
/* End PBXSourcesBuildPhase section */

/* Begin PBXVariantGroup section */
		8D0EBEA5241ADFE000D7ECDF /* Main.storyboard */ = {
			isa = PBXVariantGroup;
			children = (
				8D0EBEA6241ADFE000D7ECDF /* Base */,
			);
			name = Main.storyboard;
			sourceTree = "<group>";
		};
		8D0EBEAA241ADFE300D7ECDF /* LaunchScreen.storyboard */ = {
			isa = PBXVariantGroup;
			children = (
				8D0EBEAB241ADFE300D7ECDF /* Base */,
			);
			name = LaunchScreen.storyboard;
			sourceTree = "<group>";
		};
/* End PBXVariantGroup section */

/* Begin XCBuildConfiguration section */
		8D0EBEAE241ADFE300D7ECDF /* Debug */ = {
			isa = XCBuildConfiguration;
			buildSettings = {
				ALWAYS_SEARCH_USER_PATHS = NO;
				CLANG_ANALYZER_NONNULL = YES;
				CLANG_ANALYZER_NUMBER_OBJECT_CONVERSION = YES_AGGRESSIVE;
				CLANG_CXX_LANGUAGE_STANDARD = "gnu++14";
				CLANG_CXX_LIBRARY = "libc++";
				CLANG_ENABLE_MODULES = YES;
				CLANG_ENABLE_OBJC_ARC = YES;
				CLANG_ENABLE_OBJC_WEAK = YES;
				CLANG_WARN_BLOCK_CAPTURE_AUTORELEASING = YES;
				CLANG_WARN_BOOL_CONVERSION = YES;
				CLANG_WARN_COMMA = YES;
				CLANG_WARN_CONSTANT_CONVERSION = YES;
				CLANG_WARN_DEPRECATED_OBJC_IMPLEMENTATIONS = YES;
				CLANG_WARN_DIRECT_OBJC_ISA_USAGE = YES_ERROR;
				CLANG_WARN_DOCUMENTATION_COMMENTS = YES;
				CLANG_WARN_EMPTY_BODY = YES;
				CLANG_WARN_ENUM_CONVERSION = YES;
				CLANG_WARN_INFINITE_RECURSION = YES;
				CLANG_WARN_INT_CONVERSION = YES;
				CLANG_WARN_NON_LITERAL_NULL_CONVERSION = YES;
				CLANG_WARN_OBJC_IMPLICIT_RETAIN_SELF = YES;
				CLANG_WARN_OBJC_LITERAL_CONVERSION = YES;
				CLANG_WARN_OBJC_ROOT_CLASS = YES_ERROR;
				CLANG_WARN_RANGE_LOOP_ANALYSIS = YES;
				CLANG_WARN_STRICT_PROTOTYPES = YES;
				CLANG_WARN_SUSPICIOUS_MOVE = YES;
				CLANG_WARN_UNGUARDED_AVAILABILITY = YES_AGGRESSIVE;
				CLANG_WARN_UNREACHABLE_CODE = YES;
				CLANG_WARN__DUPLICATE_METHOD_MATCH = YES;
				COPY_PHASE_STRIP = NO;
				DEBUG_INFORMATION_FORMAT = dwarf;
				ENABLE_STRICT_OBJC_MSGSEND = YES;
				ENABLE_TESTABILITY = YES;
				GCC_C_LANGUAGE_STANDARD = gnu11;
				GCC_DYNAMIC_NO_PIC = NO;
				GCC_NO_COMMON_BLOCKS = YES;
				GCC_OPTIMIZATION_LEVEL = 0;
				GCC_PREPROCESSOR_DEFINITIONS = (
					"DEBUG=1",
					"$(inherited)",
				);
				GCC_WARN_64_TO_32_BIT_CONVERSION = YES;
				GCC_WARN_ABOUT_RETURN_TYPE = YES_ERROR;
				GCC_WARN_UNDECLARED_SELECTOR = YES;
				GCC_WARN_UNINITIALIZED_AUTOS = YES_AGGRESSIVE;
				GCC_WARN_UNUSED_FUNCTION = YES;
				GCC_WARN_UNUSED_VARIABLE = YES;
				IPHONEOS_DEPLOYMENT_TARGET = 13.2;
				MTL_ENABLE_DEBUG_INFO = INCLUDE_SOURCE;
				MTL_FAST_MATH = YES;
				ONLY_ACTIVE_ARCH = YES;
				SDKROOT = iphoneos;
				SWIFT_ACTIVE_COMPILATION_CONDITIONS = DEBUG;
				SWIFT_OPTIMIZATION_LEVEL = "-Onone";
			};
			name = Debug;
		};
		8D0EBEAF241ADFE300D7ECDF /* Release */ = {
			isa = XCBuildConfiguration;
			buildSettings = {
				ALWAYS_SEARCH_USER_PATHS = NO;
				CLANG_ANALYZER_NONNULL = YES;
				CLANG_ANALYZER_NUMBER_OBJECT_CONVERSION = YES_AGGRESSIVE;
				CLANG_CXX_LANGUAGE_STANDARD = "gnu++14";
				CLANG_CXX_LIBRARY = "libc++";
				CLANG_ENABLE_MODULES = YES;
				CLANG_ENABLE_OBJC_ARC = YES;
				CLANG_ENABLE_OBJC_WEAK = YES;
				CLANG_WARN_BLOCK_CAPTURE_AUTORELEASING = YES;
				CLANG_WARN_BOOL_CONVERSION = YES;
				CLANG_WARN_COMMA = YES;
				CLANG_WARN_CONSTANT_CONVERSION = YES;
				CLANG_WARN_DEPRECATED_OBJC_IMPLEMENTATIONS = YES;
				CLANG_WARN_DIRECT_OBJC_ISA_USAGE = YES_ERROR;
				CLANG_WARN_DOCUMENTATION_COMMENTS = YES;
				CLANG_WARN_EMPTY_BODY = YES;
				CLANG_WARN_ENUM_CONVERSION = YES;
				CLANG_WARN_INFINITE_RECURSION = YES;
				CLANG_WARN_INT_CONVERSION = YES;
				CLANG_WARN_NON_LITERAL_NULL_CONVERSION = YES;
				CLANG_WARN_OBJC_IMPLICIT_RETAIN_SELF = YES;
				CLANG_WARN_OBJC_LITERAL_CONVERSION = YES;
				CLANG_WARN_OBJC_ROOT_CLASS = YES_ERROR;
				CLANG_WARN_RANGE_LOOP_ANALYSIS = YES;
				CLANG_WARN_STRICT_PROTOTYPES = YES;
				CLANG_WARN_SUSPICIOUS_MOVE = YES;
				CLANG_WARN_UNGUARDED_AVAILABILITY = YES_AGGRESSIVE;
				CLANG_WARN_UNREACHABLE_CODE = YES;
				CLANG_WARN__DUPLICATE_METHOD_MATCH = YES;
				COPY_PHASE_STRIP = NO;
				DEBUG_INFORMATION_FORMAT = "dwarf-with-dsym";
				ENABLE_NS_ASSERTIONS = NO;
				ENABLE_STRICT_OBJC_MSGSEND = YES;
				GCC_C_LANGUAGE_STANDARD = gnu11;
				GCC_NO_COMMON_BLOCKS = YES;
				GCC_WARN_64_TO_32_BIT_CONVERSION = YES;
				GCC_WARN_ABOUT_RETURN_TYPE = YES_ERROR;
				GCC_WARN_UNDECLARED_SELECTOR = YES;
				GCC_WARN_UNINITIALIZED_AUTOS = YES_AGGRESSIVE;
				GCC_WARN_UNUSED_FUNCTION = YES;
				GCC_WARN_UNUSED_VARIABLE = YES;
				IPHONEOS_DEPLOYMENT_TARGET = 13.2;
				MTL_ENABLE_DEBUG_INFO = NO;
				MTL_FAST_MATH = YES;
				SDKROOT = iphoneos;
				SWIFT_COMPILATION_MODE = wholemodule;
				SWIFT_OPTIMIZATION_LEVEL = "-O";
				VALIDATE_PRODUCT = YES;
			};
			name = Release;
		};
		8D0EBEB1241ADFE300D7ECDF /* Debug */ = {
			isa = XCBuildConfiguration;
			buildSettings = {
				ASSETCATALOG_COMPILER_APPICON_NAME = AppIcon;
				CODE_SIGN_STYLE = Automatic;
				DEVELOPMENT_TEAM = CNV924Q9C2;
				INFOPLIST_FILE = RandomProject/Info.plist;
				LD_RUNPATH_SEARCH_PATHS = (
					"$(inherited)",
					"@executable_path/Frameworks",
				);
				PRODUCT_BUNDLE_IDENTIFIER = com.lubakaper.RandomProject;
				PRODUCT_NAME = "$(TARGET_NAME)";
				SWIFT_VERSION = 5.0;
				TARGETED_DEVICE_FAMILY = "1,2";
			};
			name = Debug;
		};
		8D0EBEB2241ADFE300D7ECDF /* Release */ = {
			isa = XCBuildConfiguration;
			buildSettings = {
				ASSETCATALOG_COMPILER_APPICON_NAME = AppIcon;
				CODE_SIGN_STYLE = Automatic;
				DEVELOPMENT_TEAM = CNV924Q9C2;
				INFOPLIST_FILE = RandomProject/Info.plist;
				LD_RUNPATH_SEARCH_PATHS = (
					"$(inherited)",
					"@executable_path/Frameworks",
				);
				PRODUCT_BUNDLE_IDENTIFIER = com.lubakaper.RandomProject;
				PRODUCT_NAME = "$(TARGET_NAME)";
				SWIFT_VERSION = 5.0;
				TARGETED_DEVICE_FAMILY = "1,2";
			};
			name = Release;
		};
/* End XCBuildConfiguration section */

/* Begin XCConfigurationList section */
		8D0EBE97241ADFE000D7ECDF /* Build configuration list for PBXProject "RandomProject" */ = {
			isa = XCConfigurationList;
			buildConfigurations = (
				8D0EBEAE241ADFE300D7ECDF /* Debug */,
				8D0EBEAF241ADFE300D7ECDF /* Release */,
			);
			defaultConfigurationIsVisible = 0;
			defaultConfigurationName = Release;
		};
		8D0EBEB0241ADFE300D7ECDF /* Build configuration list for PBXNativeTarget "RandomProject" */ = {
			isa = XCConfigurationList;
			buildConfigurations = (
				8D0EBEB1241ADFE300D7ECDF /* Debug */,
				8D0EBEB2241ADFE300D7ECDF /* Release */,
			);
			defaultConfigurationIsVisible = 0;
			defaultConfigurationName = Release;
		};
/* End XCConfigurationList section */
	};
	rootObject = 8D0EBE94241ADFE000D7ECDF /* Project object */;
}
